{
  "requires": true,
  "lockfileVersion": 1,
  "dependencies": {
    "g": {
      "version": "2.0.1",
      "resolved": "https://registry.npmjs.org/g/-/g-2.0.1.tgz",
      "integrity": "sha1-C1lj69DKcOO8jGdmk0oCGCHIuFc="
    },
    "n": {
      "version": "8.1.0",
      "resolved": "https://registry.npmjs.org/n/-/n-8.1.0.tgz",
      "integrity": "sha512-J8cb9e3Hb75Qs6cZ+McFY9toh+X3PnJOzyKMacC11etNo61bucIMAH+uuHrFCD3ELIdmcq9AAkoljowViCJMLw=="
    }
  }
}
